
Microsoft Visual Studio Solution File, Format Version 12.00
# Visual Studio Version 17
VisualStudioVersion = 17.3.32929.385
MinimumVisualStudioVersion = 10.0.40219.1
Project("{FAE04EC0-301F-11D3-BF4B-00C04F79EFBC}") = "WorkOrdersApp", "WorkOrdersApp\WorkOrdersApp.csproj", "{26DD3D12-6197-475C-9D05-7383A0E3B430}"
EndProject
Project("{FAE04EC0-301F-11D3-BF4B-00C04F79EFBC}") = "DataAccessAPI", "DataAccessAPI\DataAccessAPI.csproj", "{CC1CE4D1-AF16-4AA5-ACC0-3AEEED3783A8}"
EndProject
Global
	GlobalSection(SolutionConfigurationPlatforms) = preSolution
		Debug|Any CPU = Debug|Any CPU
		Release|Any CPU = Release|Any CPU
	EndGlobalSection
	GlobalSection(ProjectConfigurationPlatforms) = postSolution
		{26DD3D12-6197-475C-9D05-7383A0E3B430}.Debug|Any CPU.ActiveCfg = Debug|Any CPU
		{26DD3D12-6197-475C-9D05-7383A0E3B430}.Debug|Any CPU.Build.0 = Debug|Any CPU
		{26DD3D12-6197-475C-9D05-7383A0E3B430}.Release|Any CPU.ActiveCfg = Release|Any CPU
		{26DD3D12-6197-475C-9D05-7383A0E3B430}.Release|Any CPU.Build.0 = Release|Any CPU
		{CC1CE4D1-AF16-4AA5-ACC0-3AEEED3783A8}.Debug|Any CPU.ActiveCfg = Debug|Any CPU
		{CC1CE4D1-AF16-4AA5-ACC0-3AEEED3783A8}.Debug|Any CPU.Build.0 = Debug|Any CPU
		{CC1CE4D1-AF16-4AA5-ACC0-3AEEED3783A8}.Release|Any CPU.ActiveCfg = Release|Any CPU
		{CC1CE4D1-AF16-4AA5-ACC0-3AEEED3783A8}.Release|Any CPU.Build.0 = Release|Any CPU
	EndGlobalSection
	GlobalSection(SolutionProperties) = preSolution
		HideSolutionNode = FALSE
	EndGlobalSection
	GlobalSection(ExtensibilityGlobals) = postSolution
		SolutionGuid = {92CC261D-712E-4ED2-BB75-03EB8D7CC807}
	EndGlobalSection
EndGlobal
